PODS:
  - FeedbackController (1.0)

DEPENDENCIES:
  - FeedbackController (from `../`)

EXTERNAL SOURCES:
  FeedbackController:
    :path: "../"

SPEC CHECKSUMS:
  FeedbackController: 5bd37cf075099fac8b95d38ffaf10bdbfa162d34

PODFILE CHECKSUM: 049c70c367f04739210c2aca463dfdeff33cc9fa

COCOAPODS: 1.5.3
